
Microsoft Visual Studio Solution File, Format Version 12.00
# Visual Studio 15
VisualStudioVersion = 15.0.27428.2037
MinimumVisualStudioVersion = 10.0.40219.1
Project("{FAE04EC0-301F-11D3-BF4B-00C04F79EFBC}") = "UserMigration", "UserMigration\UserMigration.csproj", "{BAF2D9A2-5F7D-451E-895C-B03A3DE8E412}"
EndProject
Global
	GlobalSection(SolutionConfigurationPlatforms) = preSolution
		Debug|Any CPU = Debug|Any CPU
		Release|Any CPU = Release|Any CPU
	EndGlobalSection
	GlobalSection(ProjectConfigurationPlatforms) = postSolution
		{BAF2D9A2-5F7D-451E-895C-B03A3DE8E412}.Debug|Any CPU.ActiveCfg = Debug|Any CPU
		{BAF2D9A2-5F7D-451E-895C-B03A3DE8E412}.Debug|Any CPU.Build.0 = Debug|Any CPU
		{BAF2D9A2-5F7D-451E-895C-B03A3DE8E412}.Release|Any CPU.ActiveCfg = Release|Any CPU
		{BAF2D9A2-5F7D-451E-895C-B03A3DE8E412}.Release|Any CPU.Build.0 = Release|Any CPU
	EndGlobalSection
	GlobalSection(SolutionProperties) = preSolution
		HideSolutionNode = FALSE
	EndGlobalSection
	GlobalSection(ExtensibilityGlobals) = postSolution
		SolutionGuid = {06AB6CF0-9798-48E5-95CB-AB357DCACAFC}
	EndGlobalSection
EndGlobal
